
Microsoft Visual Studio Solution File, Format Version 12.00
# Visual Studio Version 17
VisualStudioVersion = 17.3.32825.248
MinimumVisualStudioVersion = 10.0.40219.1
Project("{9A19103F-16F7-4668-BE54-9A1E7A4F7556}") = "FortniteOCR", "FortniteOCR.csproj", "{30BAB151-3A29-4FAF-9609-39EB1AE31359}"
EndProject
Global
	GlobalSection(SolutionConfigurationPlatforms) = preSolution
		Debug|Any CPU = Debug|Any CPU
		Release|Any CPU = Release|Any CPU
	EndGlobalSection
	GlobalSection(ProjectConfigurationPlatforms) = postSolution
		{30BAB151-3A29-4FAF-9609-39EB1AE31359}.Debug|Any CPU.ActiveCfg = Debug|Any CPU
		{30BAB151-3A29-4FAF-9609-39EB1AE31359}.Debug|Any CPU.Build.0 = Debug|Any CPU
		{30BAB151-3A29-4FAF-9609-39EB1AE31359}.Release|Any CPU.ActiveCfg = Release|Any CPU
		{30BAB151-3A29-4FAF-9609-39EB1AE31359}.Release|Any CPU.Build.0 = Release|Any CPU
	EndGlobalSection
	GlobalSection(SolutionProperties) = preSolution
		HideSolutionNode = FALSE
	EndGlobalSection
	GlobalSection(ExtensibilityGlobals) = postSolution
		SolutionGuid = {12E44CE9-F2C5-4CB3-A07B-F358C6439324}
	EndGlobalSection
EndGlobal
